
Microsoft Visual Studio Solution File, Format Version 12.00
# Visual Studio 15
VisualStudioVersion = 15.0.27130.2036
MinimumVisualStudioVersion = 10.0.40219.1
Project("{FAE04EC0-301F-11D3-BF4B-00C04F79EFBC}") = "RazorPagesDemo", "RazorPagesDemo\RazorPagesDemo.csproj", "{7760E955-2C6E-4E0D-BD48-F6AD6F192609}"
EndProject
Global
	GlobalSection(SolutionConfigurationPlatforms) = preSolution
		Debug|Any CPU = Debug|Any CPU
		Release|Any CPU = Release|Any CPU
	EndGlobalSection
	GlobalSection(ProjectConfigurationPlatforms) = postSolution
		{7760E955-2C6E-4E0D-BD48-F6AD6F192609}.Debug|Any CPU.ActiveCfg = Debug|Any CPU
		{7760E955-2C6E-4E0D-BD48-F6AD6F192609}.Debug|Any CPU.Build.0 = Debug|Any CPU
		{7760E955-2C6E-4E0D-BD48-F6AD6F192609}.Release|Any CPU.ActiveCfg = Release|Any CPU
		{7760E955-2C6E-4E0D-BD48-F6AD6F192609}.Release|Any CPU.Build.0 = Release|Any CPU
	EndGlobalSection
	GlobalSection(SolutionProperties) = preSolution
		HideSolutionNode = FALSE
	EndGlobalSection
	GlobalSection(ExtensibilityGlobals) = postSolution
		SolutionGuid = {ABF6FB55-C8FF-4F32-AD86-04C63DC8247D}
	EndGlobalSection
EndGlobal
