
Microsoft Visual Studio Solution File, Format Version 12.00
# Visual Studio 15
VisualStudioVersion = 15.0.27130.2036
MinimumVisualStudioVersion = 10.0.40219.1
Project("{FAE04EC0-301F-11D3-BF4B-00C04F79EFBC}") = "ViewComponentDemo", "ViewComponentDemo\ViewComponentDemo.csproj", "{BADE98ED-1473-40BC-BC90-7887703ECDE0}"
EndProject
Global
	GlobalSection(SolutionConfigurationPlatforms) = preSolution
		Debug|Any CPU = Debug|Any CPU
		Release|Any CPU = Release|Any CPU
	EndGlobalSection
	GlobalSection(ProjectConfigurationPlatforms) = postSolution
		{BADE98ED-1473-40BC-BC90-7887703ECDE0}.Debug|Any CPU.ActiveCfg = Debug|Any CPU
		{BADE98ED-1473-40BC-BC90-7887703ECDE0}.Debug|Any CPU.Build.0 = Debug|Any CPU
		{BADE98ED-1473-40BC-BC90-7887703ECDE0}.Release|Any CPU.ActiveCfg = Release|Any CPU
		{BADE98ED-1473-40BC-BC90-7887703ECDE0}.Release|Any CPU.Build.0 = Release|Any CPU
	EndGlobalSection
	GlobalSection(SolutionProperties) = preSolution
		HideSolutionNode = FALSE
	EndGlobalSection
	GlobalSection(ExtensibilityGlobals) = postSolution
		SolutionGuid = {C5CD6BD4-854E-4860-95F0-F8192AF2F2F3}
	EndGlobalSection
EndGlobal
